# This file is automatically @generated by Cargo.
# It is not intended for manual editing.
version = 4

[[package]]
name = "camino"
version = "1.2.5"
source = "registry+https://github.com/rust-lang/crates.io-index"
checksum = "bb1307f12aa967b5a58416e87b3653360e0fd614a016b6e970db08fecbb1b80d"

[[package]]
name = "cc"
version = "1.4.2"
source = "registry+https://github.com/rust-lang/crates.io-index"
checksum = "5d262e149917187838d5b42777c8253bcb64500067342904e7d429499a6f277e"
dependencies = [
 "find-msvc-tools",
 "shlex",
]

[[package]]
name = "find-msvc-tools"
version = "0.1.10"
source = "registry+https://github.com/rust-lang/crates.io-index"
checksum = "26b73573e6edcd2af0cdf47bd6cb58f0b3839491263c314eaad1ccf24430e1de"

[[package]]
name = "glam"
version = "0.33.3"
source = "registry+https://github.com/rust-lang/crates.io-index"
checksum = "7360bd2cd76e0cd9032d42cf2922155cecea2685b0cfa4630c3246df030bcfd6"

[[package]]
name = "oxybox"
version = "0.1.0"
dependencies = [
 "glam",
 "oxybox-sys",
 "static_assertions",
]

[[package]]
name = "oxybox-sys"
version = "0.1.0"
dependencies = [
 "camino",
 "cc",
 "glam",
 "static_assertions",
]

[[package]]
name = "shlex"
version = "2.0.1"
source = "registry+https://github.com/rust-lang/crates.io-index"
checksum = "f8fadd59c855ef2080decdef8ff161eb6661b86933c9d82e5ba29dc602a55aba"

[[package]]
name = "static_assertions"
version = "1.1.0"
source = "registry+https://github.com/rust-lang/crates.io-index"
checksum = "a2eb9349b6444b326872e140eb1cf5e7c522154d69e7a0ffb0fb81c06b37543f"
